
Microsoft Visual Studio Solution File, Format Version 12.00
# Visual Studio Version 16
VisualStudioVersion = 16.0.31321.278
MinimumVisualStudioVersion = 10.0.40219.1
Project("{FAE04EC0-301F-11D3-BF4B-00C04F79EFBC}") = "AdoNet", "AdoNet\AdoNet.csproj", "{8C445074-9145-4D13-B99D-49A064FE36C1}"
EndProject
Global
	GlobalSection(SolutionConfigurationPlatforms) = preSolution
		Debug|Any CPU = Debug|Any CPU
		Release|Any CPU = Release|Any CPU
	EndGlobalSection
	GlobalSection(ProjectConfigurationPlatforms) = postSolution
		{8C445074-9145-4D13-B99D-49A064FE36C1}.Debug|Any CPU.ActiveCfg = Debug|Any CPU
		{8C445074-9145-4D13-B99D-49A064FE36C1}.Debug|Any CPU.Build.0 = Debug|Any CPU
		{8C445074-9145-4D13-B99D-49A064FE36C1}.Release|Any CPU.ActiveCfg = Release|Any CPU
		{8C445074-9145-4D13-B99D-49A064FE36C1}.Release|Any CPU.Build.0 = Release|Any CPU
	EndGlobalSection
	GlobalSection(SolutionProperties) = preSolution
		HideSolutionNode = FALSE
	EndGlobalSection
	GlobalSection(ExtensibilityGlobals) = postSolution
		SolutionGuid = {E7DC2D5E-62F3-4EE5-9854-31FBDF622644}
	EndGlobalSection
EndGlobal
